
Microsoft Visual Studio Solution File, Format Version 12.00
# Visual Studio Version 17
VisualStudioVersion = 17.14.37027.9 d17.14
MinimumVisualStudioVersion = 10.0.40219.1
Project("{FAE04EC0-301F-11D3-BF4B-00C04F79EFBC}") = "AngularDotnetAllInOne", "AngularDotnetAllInOne\AngularDotnetAllInOne.csproj", "{7ABE87BE-714F-42C9-96C8-ADEEEFCB78DE}"
EndProject
Global
	GlobalSection(SolutionConfigurationPlatforms) = preSolution
		Debug|Any CPU = Debug|Any CPU
		Release|Any CPU = Release|Any CPU
	EndGlobalSection
	GlobalSection(ProjectConfigurationPlatforms) = postSolution
		{7ABE87BE-714F-42C9-96C8-ADEEEFCB78DE}.Debug|Any CPU.ActiveCfg = Debug|Any CPU
		{7ABE87BE-714F-42C9-96C8-ADEEEFCB78DE}.Debug|Any CPU.Build.0 = Debug|Any CPU
		{7ABE87BE-714F-42C9-96C8-ADEEEFCB78DE}.Release|Any CPU.ActiveCfg = Release|Any CPU
		{7ABE87BE-714F-42C9-96C8-ADEEEFCB78DE}.Release|Any CPU.Build.0 = Release|Any CPU
	EndGlobalSection
	GlobalSection(SolutionProperties) = preSolution
		HideSolutionNode = FALSE
	EndGlobalSection
	GlobalSection(ExtensibilityGlobals) = postSolution
		SolutionGuid = {B8D19CE3-D59C-4026-9586-1E625A6C82DC}
	EndGlobalSection
EndGlobal
